
Microsoft Visual Studio Solution File, Format Version 11.00
# Visual Studio 2010
Project("{FAE04EC0-301F-11D3-BF4B-00C04F79EFBC}") = "Assembly-CSharp", "Assembly-CSharp.csproj", "{C061FC8B-DB08-2AC1-48F1-9834EFDE4F3A}"
EndProject
Project("{FAE04EC0-301F-11D3-BF4B-00C04F79EFBC}") = "Assembly-CSharp-Editor", "Assembly-CSharp-Editor.csproj", "{8AD78F00-87DC-5E30-7CD0-B9A8DEA63BA3}"
EndProject
Global
	GlobalSection(SolutionConfigurationPlatforms) = preSolution
		Debug|Any CPU = Debug|Any CPU
		Release|Any CPU = Release|Any CPU
	EndGlobalSection
	GlobalSection(ProjectConfigurationPlatforms) = postSolution
		{C061FC8B-DB08-2AC1-48F1-9834EFDE4F3A}.Debug|Any CPU.ActiveCfg = Debug|Any CPU
		{C061FC8B-DB08-2AC1-48F1-9834EFDE4F3A}.Debug|Any CPU.Build.0 = Debug|Any CPU
		{C061FC8B-DB08-2AC1-48F1-9834EFDE4F3A}.Release|Any CPU.ActiveCfg = Release|Any CPU
		{C061FC8B-DB08-2AC1-48F1-9834EFDE4F3A}.Release|Any CPU.Build.0 = Release|Any CPU
		{8AD78F00-87DC-5E30-7CD0-B9A8DEA63BA3}.Debug|Any CPU.ActiveCfg = Debug|Any CPU
		{8AD78F00-87DC-5E30-7CD0-B9A8DEA63BA3}.Debug|Any CPU.Build.0 = Debug|Any CPU
		{8AD78F00-87DC-5E30-7CD0-B9A8DEA63BA3}.Release|Any CPU.ActiveCfg = Release|Any CPU
		{8AD78F00-87DC-5E30-7CD0-B9A8DEA63BA3}.Release|Any CPU.Build.0 = Release|Any CPU
	EndGlobalSection
	GlobalSection(SolutionProperties) = preSolution
		HideSolutionNode = FALSE
	EndGlobalSection
	GlobalSection(MonoDevelopProperties) = preSolution
		StartupItem = Assembly-CSharp.csproj
	EndGlobalSection
EndGlobal
